
Microsoft Visual Studio Solution File, Format Version 12.00
# Visual Studio Version 17
VisualStudioVersion = 17.9.34728.123
MinimumVisualStudioVersion = 10.0.40219.1
Project("{FAE04EC0-301F-11D3-BF4B-00C04F79EFBC}") = "TryOut_Dekstop1", "TryOut_Dekstop1.csproj", "{BEEF9D30-986B-4D5F-BB85-29EEF3573E03}"
EndProject
Global
	GlobalSection(SolutionConfigurationPlatforms) = preSolution
		Debug|Any CPU = Debug|Any CPU
		Release|Any CPU = Release|Any CPU
	EndGlobalSection
	GlobalSection(ProjectConfigurationPlatforms) = postSolution
		{BEEF9D30-986B-4D5F-BB85-29EEF3573E03}.Debug|Any CPU.ActiveCfg = Debug|Any CPU
		{BEEF9D30-986B-4D5F-BB85-29EEF3573E03}.Debug|Any CPU.Build.0 = Debug|Any CPU
		{BEEF9D30-986B-4D5F-BB85-29EEF3573E03}.Release|Any CPU.ActiveCfg = Release|Any CPU
		{BEEF9D30-986B-4D5F-BB85-29EEF3573E03}.Release|Any CPU.Build.0 = Release|Any CPU
	EndGlobalSection
	GlobalSection(SolutionProperties) = preSolution
		HideSolutionNode = FALSE
	EndGlobalSection
	GlobalSection(ExtensibilityGlobals) = postSolution
		SolutionGuid = {5A7BC2E9-C3D7-46BF-B140-ADBB1ED8996E}
	EndGlobalSection
EndGlobal
